// !$*UTF8*$!
{
	archiveVersion = 1;
	classes = {
	};
	objectVersion = 50;
	objects = {

/* Begin PBXBuildFile section */
		47C260E421852DD6003AF531 /* PersistenceService.swift in Sources */ = {isa = PBXBuildFile; fileRef = 47C260E321852DD6003AF531 /* PersistenceService.swift */; };
		47C260F221856278003AF531 /* CollectionViewCell.swift in Sources */ = {isa = PBXBuildFile; fileRef = 47C260F121856278003AF531 /* CollectionViewCell.swift */; };
		742E2568218016F3004F5E7E /* mainDisplayViewController.swift in Sources */ = {isa = PBXBuildFile; fileRef = 742E2567218016F3004F5E7E /* mainDisplayViewController.swift */; };
		742E256A218021A8004F5E7E /* AddHotspotViewController.swift in Sources */ = {isa = PBXBuildFile; fileRef = 742E2569218021A8004F5E7E /* AddHotspotViewController.swift */; };
		742E256C218021DB004F5E7E /* HotspotOverviewViewController.swift in Sources */ = {isa = PBXBuildFile; fileRef = 742E256B218021DB004F5E7E /* HotspotOverviewViewController.swift */; };
		742E257221810918004F5E7E /* settingsViewController.swift in Sources */ = {isa = PBXBuildFile; fileRef = 742E257121810918004F5E7E /* settingsViewController.swift */; };
		742E2574218109C6004F5E7E /* personInfoViewController.swift in Sources */ = {isa = PBXBuildFile; fileRef = 742E2573218109C6004F5E7E /* personInfoViewController.swift */; };
		A0B63CB9217F9C560072A82F /* AppDelegate.swift in Sources */ = {isa = PBXBuildFile; fileRef = A0B63CB8217F9C560072A82F /* AppDelegate.swift */; };
		A0B63CBB217F9C560072A82F /* startViewController.swift in Sources */ = {isa = PBXBuildFile; fileRef = A0B63CBA217F9C560072A82F /* startViewController.swift */; };
		A0B63CBE217F9C560072A82F /* Main.storyboard in Resources */ = {isa = PBXBuildFile; fileRef = A0B63CBC217F9C560072A82F /* Main.storyboard */; };
		A0B63CC1217F9C560072A82F /* memPOP.xcdatamodeld in Sources */ = {isa = PBXBuildFile; fileRef = A0B63CBF217F9C560072A82F /* memPOP.xcdatamodeld */; };
		A0B63CC3217F9C560072A82F /* Assets.xcassets in Resources */ = {isa = PBXBuildFile; fileRef = A0B63CC2217F9C560072A82F /* Assets.xcassets */; };
		A0B63CD1217F9C560072A82F /* memPOPTests.swift in Sources */ = {isa = PBXBuildFile; fileRef = A0B63CD0217F9C560072A82F /* memPOPTests.swift */; };
		A0B63CDC217F9C560072A82F /* memPOPUITests.swift in Sources */ = {isa = PBXBuildFile; fileRef = A0B63CDB217F9C560072A82F /* memPOPUITests.swift */; };
		EBA9D828218CF44A00B1C7ED /* HotspotMO+CoreDataClass.swift in Sources */ = {isa = PBXBuildFile; fileRef = EBA9D826218CF44A00B1C7ED /* HotspotMO+CoreDataClass.swift */; };
		EBA9D829218CF44A00B1C7ED /* HotspotMO+CoreDataProperties.swift in Sources */ = {isa = PBXBuildFile; fileRef = EBA9D827218CF44A00B1C7ED /* HotspotMO+CoreDataProperties.swift */; };
		EBE8F4C0218B8BFC006A5806 /* PhotosMO+CoreDataClass.swift in Sources */ = {isa = PBXBuildFile; fileRef = EBE8F4BA218B8BFC006A5806 /* PhotosMO+CoreDataClass.swift */; };
		EBE8F4C1218B8BFC006A5806 /* PhotosMO+CoreDataProperties.swift in Sources */ = {isa = PBXBuildFile; fileRef = EBE8F4BB218B8BFC006A5806 /* PhotosMO+CoreDataProperties.swift */; };
		EBE8F4C2218B8BFC006A5806 /* ToDoMO+CoreDataClass.swift in Sources */ = {isa = PBXBuildFile; fileRef = EBE8F4BC218B8BFC006A5806 /* ToDoMO+CoreDataClass.swift */; };
		EBE8F4C3218B8BFC006A5806 /* ToDoMO+CoreDataProperties.swift in Sources */ = {isa = PBXBuildFile; fileRef = EBE8F4BD218B8BFC006A5806 /* ToDoMO+CoreDataProperties.swift */; };
/* End PBXBuildFile section */

/* Begin PBXContainerItemProxy section */
		A0B63CCD217F9C560072A82F /* PBXContainerItemProxy */ = {
			isa = PBXContainerItemProxy;
			containerPortal = A0B63CAD217F9C550072A82F /* Project object */;
			proxyType = 1;
			remoteGlobalIDString = A0B63CB4217F9C560072A82F;
			remoteInfo = memPOP;
		};
		A0B63CD8217F9C560072A82F /* PBXContainerItemProxy */ = {
			isa = PBXContainerItemProxy;
			containerPortal = A0B63CAD217F9C550072A82F /* Project object */;
			proxyType = 1;
			remoteGlobalIDString = A0B63CB4217F9C560072A82F;
			remoteInfo = memPOP;
		};
/* End PBXContainerItemProxy section */

/* Begin PBXFileReference section */
		47C260E321852DD6003AF531 /* PersistenceService.swift */ = {isa = PBXFileReference; lastKnownFileType = sourcecode.swift; path = PersistenceService.swift; sourceTree = "<group>"; };
		47C260F121856278003AF531 /* CollectionViewCell.swift */ = {isa = PBXFileReference; lastKnownFileType = sourcecode.swift; path = CollectionViewCell.swift; sourceTree = "<group>"; };
		742E2567218016F3004F5E7E /* mainDisplayViewController.swift */ = {isa = PBXFileReference; lastKnownFileType = sourcecode.swift; path = mainDisplayViewController.swift; sourceTree = "<group>"; };
		742E2569218021A8004F5E7E /* AddHotspotViewController.swift */ = {isa = PBXFileReference; lastKnownFileType = sourcecode.swift; path = AddHotspotViewController.swift; sourceTree = "<group>"; };
		742E256B218021DB004F5E7E /* HotspotOverviewViewController.swift */ = {isa = PBXFileReference; lastKnownFileType = sourcecode.swift; path = HotspotOverviewViewController.swift; sourceTree = "<group>"; };
		742E257121810918004F5E7E /* settingsViewController.swift */ = {isa = PBXFileReference; lastKnownFileType = sourcecode.swift; path = settingsViewController.swift; sourceTree = "<group>"; };
		742E2573218109C6004F5E7E /* personInfoViewController.swift */ = {isa = PBXFileReference; lastKnownFileType = sourcecode.swift; path = personInfoViewController.swift; sourceTree = "<group>"; };
		A0B63CB5217F9C560072A82F /* memPOP.app */ = {isa = PBXFileReference; explicitFileType = wrapper.application; includeInIndex = 0; path = memPOP.app; sourceTree = BUILT_PRODUCTS_DIR; };
		A0B63CB8217F9C560072A82F /* AppDelegate.swift */ = {isa = PBXFileReference; lastKnownFileType = sourcecode.swift; path = AppDelegate.swift; sourceTree = "<group>"; };
		A0B63CBA217F9C560072A82F /* startViewController.swift */ = {isa = PBXFileReference; lastKnownFileType = sourcecode.swift; path = startViewController.swift; sourceTree = "<group>"; };
		A0B63CBD217F9C560072A82F /* Base */ = {isa = PBXFileReference; lastKnownFileType = file.storyboard; name = Base; path = Base.lproj/Main.storyboard; sourceTree = "<group>"; };
		A0B63CC0217F9C560072A82F /* memPOP.xcdatamodel */ = {isa = PBXFileReference; lastKnownFileType = wrapper.xcdatamodel; path = memPOP.xcdatamodel; sourceTree = "<group>"; };
		A0B63CC2217F9C560072A82F /* Assets.xcassets */ = {isa = PBXFileReference; lastKnownFileType = folder.assetcatalog; path = Assets.xcassets; sourceTree = "<group>"; };
		A0B63CC7217F9C560072A82F /* Info.plist */ = {isa = PBXFileReference; lastKnownFileType = text.plist.xml; path = Info.plist; sourceTree = "<group>"; };
		A0B63CCC217F9C560072A82F /* memPOPTests.xctest */ = {isa = PBXFileReference; explicitFileType = wrapper.cfbundle; includeInIndex = 0; path = memPOPTests.xctest; sourceTree = BUILT_PRODUCTS_DIR; };
		A0B63CD0217F9C560072A82F /* memPOPTests.swift */ = {isa = PBXFileReference; lastKnownFileType = sourcecode.swift; path = memPOPTests.swift; sourceTree = "<group>"; };
		A0B63CD2217F9C560072A82F /* Info.plist */ = {isa = PBXFileReference; lastKnownFileType = text.plist.xml; path = Info.plist; sourceTree = "<group>"; };
		A0B63CD7217F9C560072A82F /* memPOPUITests.xctest */ = {isa = PBXFileReference; explicitFileType = wrapper.cfbundle; includeInIndex = 0; path = memPOPUITests.xctest; sourceTree = BUILT_PRODUCTS_DIR; };
		A0B63CDB217F9C560072A82F /* memPOPUITests.swift */ = {isa = PBXFileReference; lastKnownFileType = sourcecode.swift; path = memPOPUITests.swift; sourceTree = "<group>"; };
		A0B63CDD217F9C560072A82F /* Info.plist */ = {isa = PBXFileReference; lastKnownFileType = text.plist.xml; path = Info.plist; sourceTree = "<group>"; };
		EBA9D826218CF44A00B1C7ED /* HotspotMO+CoreDataClass.swift */ = {isa = PBXFileReference; lastKnownFileType = sourcecode.swift; path = "HotspotMO+CoreDataClass.swift"; sourceTree = "<group>"; };
		EBA9D827218CF44A00B1C7ED /* HotspotMO+CoreDataProperties.swift */ = {isa = PBXFileReference; lastKnownFileType = sourcecode.swift; path = "HotspotMO+CoreDataProperties.swift"; sourceTree = "<group>"; };
		EBE8F4BA218B8BFC006A5806 /* PhotosMO+CoreDataClass.swift */ = {isa = PBXFileReference; lastKnownFileType = sourcecode.swift; path = "PhotosMO+CoreDataClass.swift"; sourceTree = "<group>"; };
		EBE8F4BB218B8BFC006A5806 /* PhotosMO+CoreDataProperties.swift */ = {isa = PBXFileReference; lastKnownFileType = sourcecode.swift; path = "PhotosMO+CoreDataProperties.swift"; sourceTree = "<group>"; };
		EBE8F4BC218B8BFC006A5806 /* ToDoMO+CoreDataClass.swift */ = {isa = PBXFileReference; lastKnownFileType = sourcecode.swift; path = "ToDoMO+CoreDataClass.swift"; sourceTree = "<group>"; };
		EBE8F4BD218B8BFC006A5806 /* ToDoMO+CoreDataProperties.swift */ = {isa = PBXFileReference; lastKnownFileType = sourcecode.swift; path = "ToDoMO+CoreDataProperties.swift"; sourceTree = "<group>"; };
/* End PBXFileReference section */

/* Begin PBXFrameworksBuildPhase section */
		A0B63CB2217F9C560072A82F /* Frameworks */ = {
			isa = PBXFrameworksBuildPhase;
			buildActionMask = 2147483647;
			files = (
			);
			runOnlyForDeploymentPostprocessing = 0;
		};
		A0B63CC9217F9C560072A82F /* Frameworks */ = {
			isa = PBXFrameworksBuildPhase;
			buildActionMask = 2147483647;
			files = (
			);
			runOnlyForDeploymentPostprocessing = 0;
		};
		A0B63CD4217F9C560072A82F /* Frameworks */ = {
			isa = PBXFrameworksBuildPhase;
			buildActionMask = 2147483647;
			files = (
			);
			runOnlyForDeploymentPostprocessing = 0;
		};
/* End PBXFrameworksBuildPhase section */

/* Begin PBXGroup section */
		A0B63CAC217F9C550072A82F = {
			isa = PBXGroup;
			children = (
				A0B63CB7217F9C560072A82F /* memPOP */,
				A0B63CCF217F9C560072A82F /* memPOPTests */,
				A0B63CDA217F9C560072A82F /* memPOPUITests */,
				A0B63CB6217F9C560072A82F /* Products */,
			);
			sourceTree = "<group>";
		};
		A0B63CB6217F9C560072A82F /* Products */ = {
			isa = PBXGroup;
			children = (
				A0B63CB5217F9C560072A82F /* memPOP.app */,
				A0B63CCC217F9C560072A82F /* memPOPTests.xctest */,
				A0B63CD7217F9C560072A82F /* memPOPUITests.xctest */,
			);
			name = Products;
			sourceTree = "<group>";
		};
		A0B63CB7217F9C560072A82F /* memPOP */ = {
			isa = PBXGroup;
			children = (
				EBA9D826218CF44A00B1C7ED /* HotspotMO+CoreDataClass.swift */,
				EBA9D827218CF44A00B1C7ED /* HotspotMO+CoreDataProperties.swift */,
				EBE8F4BA218B8BFC006A5806 /* PhotosMO+CoreDataClass.swift */,
				EBE8F4BB218B8BFC006A5806 /* PhotosMO+CoreDataProperties.swift */,
				EBE8F4BC218B8BFC006A5806 /* ToDoMO+CoreDataClass.swift */,
				EBE8F4BD218B8BFC006A5806 /* ToDoMO+CoreDataProperties.swift */,
				A0B63CB8217F9C560072A82F /* AppDelegate.swift */,
				47C260E321852DD6003AF531 /* PersistenceService.swift */,
				A0B63CBA217F9C560072A82F /* startViewController.swift */,
				742E2567218016F3004F5E7E /* mainDisplayViewController.swift */,
				742E256B218021DB004F5E7E /* HotspotOverviewViewController.swift */,
				742E257121810918004F5E7E /* settingsViewController.swift */,
				742E2569218021A8004F5E7E /* AddHotspotViewController.swift */,
				742E2573218109C6004F5E7E /* personInfoViewController.swift */,
				A0B63CBC217F9C560072A82F /* Main.storyboard */,
				47C260F121856278003AF531 /* CollectionViewCell.swift */,
				A0B63CC2217F9C560072A82F /* Assets.xcassets */,
				A0B63CC7217F9C560072A82F /* Info.plist */,
				A0B63CBF217F9C560072A82F /* memPOP.xcdatamodeld */,
			);
			path = memPOP;
			sourceTree = "<group>";
		};
		A0B63CCF217F9C560072A82F /* memPOPTests */ = {
			isa = PBXGroup;
			children = (
				A0B63CD0217F9C560072A82F /* memPOPTests.swift */,
				A0B63CD2217F9C560072A82F /* Info.plist */,
			);
			path = memPOPTests;
			sourceTree = "<group>";
		};
		A0B63CDA217F9C560072A82F /* memPOPUITests */ = {
			isa = PBXGroup;
			children = (
				A0B63CDB217F9C560072A82F /* memPOPUITests.swift */,
				A0B63CDD217F9C560072A82F /* Info.plist */,
			);
			path = memPOPUITests;
			sourceTree = "<group>";
		};
/* End PBXGroup section */

/* Begin PBXNativeTarget section */
		A0B63CB4217F9C560072A82F /* memPOP */ = {
			isa = PBXNativeTarget;
			buildConfigurationList = A0B63CE0217F9C560072A82F /* Build configuration list for PBXNativeTarget "memPOP" */;
			buildPhases = (
				A0B63CB1217F9C560072A82F /* Sources */,
				A0B63CB2217F9C560072A82F /* Frameworks */,
				A0B63CB3217F9C560072A82F /* Resources */,
			);
			buildRules = (
			);
			dependencies = (
			);
			name = memPOP;
			productName = memPOP;
			productReference = A0B63CB5217F9C560072A82F /* memPOP.app */;
			productType = "com.apple.product-type.application";
		};
		A0B63CCB217F9C560072A82F /* memPOPTests */ = {
			isa = PBXNativeTarget;
			buildConfigurationList = A0B63CE3217F9C560072A82F /* Build configuration list for PBXNativeTarget "memPOPTests" */;
			buildPhases = (
				A0B63CC8217F9C560072A82F /* Sources */,
				A0B63CC9217F9C560072A82F /* Frameworks */,
				A0B63CCA217F9C560072A82F /* Resources */,
			);
			buildRules = (
			);
			dependencies = (
				A0B63CCE217F9C560072A82F /* PBXTargetDependency */,
			);
			name = memPOPTests;
			productName = memPOPTests;
			productReference = A0B63CCC217F9C560072A82F /* memPOPTests.xctest */;
			productType = "com.apple.product-type.bundle.unit-test";
		};
		A0B63CD6217F9C560072A82F /* memPOPUITests */ = {
			isa = PBXNativeTarget;
			buildConfigurationList = A0B63CE6217F9C560072A82F /* Build configuration list for PBXNativeTarget "memPOPUITests" */;
			buildPhases = (
				A0B63CD3217F9C560072A82F /* Sources */,
				A0B63CD4217F9C560072A82F /* Frameworks */,
				A0B63CD5217F9C560072A82F /* Resources */,
			);
			buildRules = (
			);
			dependencies = (
				A0B63CD9217F9C560072A82F /* PBXTargetDependency */,
			);
			name = memPOPUITests;
			productName = memPOPUITests;
			productReference = A0B63CD7217F9C560072A82F /* memPOPUITests.xctest */;
			productType = "com.apple.product-type.bundle.ui-testing";
		};
/* End PBXNativeTarget section */

/* Begin PBXProject section */
		A0B63CAD217F9C550072A82F /* Project object */ = {
			isa = PBXProject;
			attributes = {
				LastSwiftUpdateCheck = 0940;
				LastUpgradeCheck = 0940;
				ORGANIZATIONNAME = "Iota Inc";
				TargetAttributes = {
					A0B63CB4217F9C560072A82F = {
						CreatedOnToolsVersion = 9.4.1;
					};
					A0B63CCB217F9C560072A82F = {
						CreatedOnToolsVersion = 9.4.1;
						TestTargetID = A0B63CB4217F9C560072A82F;
					};
					A0B63CD6217F9C560072A82F = {
						CreatedOnToolsVersion = 9.4.1;
						TestTargetID = A0B63CB4217F9C560072A82F;
					};
				};
			};
			buildConfigurationList = A0B63CB0217F9C550072A82F /* Build configuration list for PBXProject "memPOP" */;
			compatibilityVersion = "Xcode 9.3";
			developmentRegion = en;
			hasScannedForEncodings = 0;
			knownRegions = (
				en,
				Base,
			);
			mainGroup = A0B63CAC217F9C550072A82F;
			productRefGroup = A0B63CB6217F9C560072A82F /* Products */;
			projectDirPath = "";
			projectRoot = "";
			targets = (
				A0B63CB4217F9C560072A82F /* memPOP */,
				A0B63CCB217F9C560072A82F /* memPOPTests */,
				A0B63CD6217F9C560072A82F /* memPOPUITests */,
			);
		};
/* End PBXProject section */

/* Begin PBXResourcesBuildPhase section */
		A0B63CB3217F9C560072A82F /* Resources */ = {
			isa = PBXResourcesBuildPhase;
			buildActionMask = 2147483647;
			files = (
				A0B63CC3217F9C560072A82F /* Assets.xcassets in Resources */,
				A0B63CBE217F9C560072A82F /* Main.storyboard in Resources */,
			);
			runOnlyForDeploymentPostprocessing = 0;
		};
		A0B63CCA217F9C560072A82F /* Resources */ = {
			isa = PBXResourcesBuildPhase;
			buildActionMask = 2147483647;
			files = (
			);
			runOnlyForDeploymentPostprocessing = 0;
		};
		A0B63CD5217F9C560072A82F /* Resources */ = {
			isa = PBXResourcesBuildPhase;
			buildActionMask = 2147483647;
			files = (
			);
			runOnlyForDeploymentPostprocessing = 0;
		};
/* End PBXResourcesBuildPhase section */

/* Begin PBXSourcesBuildPhase section */
		A0B63CB1217F9C560072A82F /* Sources */ = {
			isa = PBXSourcesBuildPhase;
			buildActionMask = 2147483647;
			files = (
				EBA9D828218CF44A00B1C7ED /* HotspotMO+CoreDataClass.swift in Sources */,
				742E2568218016F3004F5E7E /* mainDisplayViewController.swift in Sources */,
				742E256C218021DB004F5E7E /* HotspotOverviewViewController.swift in Sources */,
				47C260F221856278003AF531 /* CollectionViewCell.swift in Sources */,
				A0B63CBB217F9C560072A82F /* startViewController.swift in Sources */,
				EBE8F4C0218B8BFC006A5806 /* PhotosMO+CoreDataClass.swift in Sources */,
				EBE8F4C2218B8BFC006A5806 /* ToDoMO+CoreDataClass.swift in Sources */,
				742E2574218109C6004F5E7E /* personInfoViewController.swift in Sources */,
				EBE8F4C3218B8BFC006A5806 /* ToDoMO+CoreDataProperties.swift in Sources */,
				EBA9D829218CF44A00B1C7ED /* HotspotMO+CoreDataProperties.swift in Sources */,
				A0B63CC1217F9C560072A82F /* memPOP.xcdatamodeld in Sources */,
				742E256A218021A8004F5E7E /* AddHotspotViewController.swift in Sources */,
				EBE8F4C1218B8BFC006A5806 /* PhotosMO+CoreDataProperties.swift in Sources */,
				A0B63CB9217F9C560072A82F /* AppDelegate.swift in Sources */,
				47C260E421852DD6003AF531 /* PersistenceService.swift in Sources */,
				742E257221810918004F5E7E /* settingsViewController.swift in Sources */,
			);
			runOnlyForDeploymentPostprocessing = 0;
		};
		A0B63CC8217F9C560072A82F /* Sources */ = {
			isa = PBXSourcesBuildPhase;
			buildActionMask = 2147483647;
			files = (
				A0B63CD1217F9C560072A82F /* memPOPTests.swift in Sources */,
			);
			runOnlyForDeploymentPostprocessing = 0;
		};
		A0B63CD3217F9C560072A82F /* Sources */ = {
			isa = PBXSourcesBuildPhase;
			buildActionMask = 2147483647;
			files = (
				A0B63CDC217F9C560072A82F /* memPOPUITests.swift in Sources */,
			);
			runOnlyForDeploymentPostprocessing = 0;
		};
/* End PBXSourcesBuildPhase section */

/* Begin PBXTargetDependency section */
		A0B63CCE217F9C560072A82F /* PBXTargetDependency */ = {
			isa = PBXTargetDependency;
			target = A0B63CB4217F9C560072A82F /* memPOP */;
			targetProxy = A0B63CCD217F9C560072A82F /* PBXContainerItemProxy */;
		};
		A0B63CD9217F9C560072A82F /* PBXTargetDependency */ = {
			isa = PBXTargetDependency;
			target = A0B63CB4217F9C560072A82F /* memPOP */;
			targetProxy = A0B63CD8217F9C560072A82F /* PBXContainerItemProxy */;
		};
/* End PBXTargetDependency section */

/* Begin PBXVariantGroup section */
		A0B63CBC217F9C560072A82F /* Main.storyboard */ = {
			isa = PBXVariantGroup;
			children = (
				A0B63CBD217F9C560072A82F /* Base */,
			);
			name = Main.storyboard;
			sourceTree = "<group>";
		};
/* End PBXVariantGroup section */

/* Begin XCBuildConfiguration section */
		A0B63CDE217F9C560072A82F /* Debug */ = {
			isa = XCBuildConfiguration;
			buildSettings = {
				ALWAYS_SEARCH_USER_PATHS = NO;
				CLANG_ANALYZER_NONNULL = YES;
				CLANG_ANALYZER_NUMBER_OBJECT_CONVERSION = YES_AGGRESSIVE;
				CLANG_CXX_LANGUAGE_STANDARD = "gnu++14";
				CLANG_CXX_LIBRARY = "libc++";
				CLANG_ENABLE_MODULES = YES;
				CLANG_ENABLE_OBJC_ARC = YES;
				CLANG_ENABLE_OBJC_WEAK = YES;
				CLANG_WARN_BLOCK_CAPTURE_AUTORELEASING = YES;
				CLANG_WARN_BOOL_CONVERSION = YES;
				CLANG_WARN_COMMA = YES;
				CLANG_WARN_CONSTANT_CONVERSION = YES;
				CLANG_WARN_DEPRECATED_OBJC_IMPLEMENTATIONS = YES;
				CLANG_WARN_DIRECT_OBJC_ISA_USAGE = YES_ERROR;
				CLANG_WARN_DOCUMENTATION_COMMENTS = YES;
				CLANG_WARN_EMPTY_BODY = YES;
				CLANG_WARN_ENUM_CONVERSION = YES;
				CLANG_WARN_INFINITE_RECURSION = YES;
				CLANG_WARN_INT_CONVERSION = YES;
				CLANG_WARN_NON_LITERAL_NULL_CONVERSION = YES;
				CLANG_WARN_OBJC_IMPLICIT_RETAIN_SELF = YES;
				CLANG_WARN_OBJC_LITERAL_CONVERSION = YES;
				CLANG_WARN_OBJC_ROOT_CLASS = YES_ERROR;
				CLANG_WARN_RANGE_LOOP_ANALYSIS = YES;
				CLANG_WARN_STRICT_PROTOTYPES = YES;
				CLANG_WARN_SUSPICIOUS_MOVE = YES;
				CLANG_WARN_UNGUARDED_AVAILABILITY = YES_AGGRESSIVE;
				CLANG_WARN_UNREACHABLE_CODE = YES;
				CLANG_WARN__DUPLICATE_METHOD_MATCH = YES;
				CODE_SIGN_IDENTITY = "iPhone Developer";
				COPY_PHASE_STRIP = NO;
				DEBUG_INFORMATION_FORMAT = dwarf;
				ENABLE_STRICT_OBJC_MSGSEND = YES;
				ENABLE_TESTABILITY = YES;
				GCC_C_LANGUAGE_STANDARD = gnu11;
				GCC_DYNAMIC_NO_PIC = NO;
				GCC_NO_COMMON_BLOCKS = YES;
				GCC_OPTIMIZATION_LEVEL = 0;
				GCC_PREPROCESSOR_DEFINITIONS = (
					"DEBUG=1",
					"$(inherited)",
				);
				GCC_WARN_64_TO_32_BIT_CONVERSION = YES;
				GCC_WARN_ABOUT_RETURN_TYPE = YES_ERROR;
				GCC_WARN_UNDECLARED_SELECTOR = YES;
				GCC_WARN_UNINITIALIZED_AUTOS = YES_AGGRESSIVE;
				GCC_WARN_UNUSED_FUNCTION = YES;
				GCC_WARN_UNUSED_VARIABLE = YES;
				IPHONEOS_DEPLOYMENT_TARGET = 11.4;
				MTL_ENABLE_DEBUG_INFO = YES;
				ONLY_ACTIVE_ARCH = YES;
				SDKROOT = iphoneos;
				SWIFT_ACTIVE_COMPILATION_CONDITIONS = DEBUG;
				SWIFT_OPTIMIZATION_LEVEL = "-Onone";
			};
			name = Debug;
		};
		A0B63CDF217F9C560072A82F /* Release */ = {
			isa = XCBuildConfiguration;
			buildSettings = {
				ALWAYS_SEARCH_USER_PATHS = NO;
				CLANG_ANALYZER_NONNULL = YES;
				CLANG_ANALYZER_NUMBER_OBJECT_CONVERSION = YES_AGGRESSIVE;
				CLANG_CXX_LANGUAGE_STANDARD = "gnu++14";
				CLANG_CXX_LIBRARY = "libc++";
				CLANG_ENABLE_MODULES = YES;
				CLANG_ENABLE_OBJC_ARC = YES;
				CLANG_ENABLE_OBJC_WEAK = YES;
				CLANG_WARN_BLOCK_CAPTURE_AUTORELEASING = YES;
				CLANG_WARN_BOOL_CONVERSION = YES;
				CLANG_WARN_COMMA = YES;
				CLANG_WARN_CONSTANT_CONVERSION = YES;
				CLANG_WARN_DEPRECATED_OBJC_IMPLEMENTATIONS = YES;
				CLANG_WARN_DIRECT_OBJC_ISA_USAGE = YES_ERROR;
				CLANG_WARN_DOCUMENTATION_COMMENTS = YES;
				CLANG_WARN_EMPTY_BODY = YES;
				CLANG_WARN_ENUM_CONVERSION = YES;
				CLANG_WARN_INFINITE_RECURSION = YES;
				CLANG_WARN_INT_CONVERSION = YES;
				CLANG_WARN_NON_LITERAL_NULL_CONVERSION = YES;
				CLANG_WARN_OBJC_IMPLICIT_RETAIN_SELF = YES;
				CLANG_WARN_OBJC_LITERAL_CONVERSION = YES;
				CLANG_WARN_OBJC_ROOT_CLASS = YES_ERROR;
				CLANG_WARN_RANGE_LOOP_ANALYSIS = YES;
				CLANG_WARN_STRICT_PROTOTYPES = YES;
				CLANG_WARN_SUSPICIOUS_MOVE = YES;
				CLANG_WARN_UNGUARDED_AVAILABILITY = YES_AGGRESSIVE;
				CLANG_WARN_UNREACHABLE_CODE = YES;
				CLANG_WARN__DUPLICATE_METHOD_MATCH = YES;
				CODE_SIGN_IDENTITY = "iPhone Developer";
				COPY_PHASE_STRIP = NO;
				DEBUG_INFORMATION_FORMAT = "dwarf-with-dsym";
				ENABLE_NS_ASSERTIONS = NO;
				ENABLE_STRICT_OBJC_MSGSEND = YES;
				GCC_C_LANGUAGE_STANDARD = gnu11;
				GCC_NO_COMMON_BLOCKS = YES;
				GCC_WARN_64_TO_32_BIT_CONVERSION = YES;
				GCC_WARN_ABOUT_RETURN_TYPE = YES_ERROR;
				GCC_WARN_UNDECLARED_SELECTOR = YES;
				GCC_WARN_UNINITIALIZED_AUTOS = YES_AGGRESSIVE;
				GCC_WARN_UNUSED_FUNCTION = YES;
				GCC_WARN_UNUSED_VARIABLE = YES;
				IPHONEOS_DEPLOYMENT_TARGET = 11.4;
				MTL_ENABLE_DEBUG_INFO = NO;
				SDKROOT = iphoneos;
				SWIFT_COMPILATION_MODE = wholemodule;
				SWIFT_OPTIMIZATION_LEVEL = "-O";
				VALIDATE_PRODUCT = YES;
			};
			name = Release;
		};
		A0B63CE1217F9C560072A82F /* Debug */ = {
			isa = XCBuildConfiguration;
			buildSettings = {
				ASSETCATALOG_COMPILER_APPICON_NAME = AppIcon;
				CODE_SIGN_STYLE = Automatic;
				DEVELOPMENT_TEAM = 49LH2E6YL2;
				INFOPLIST_FILE = memPOP/Info.plist;
				LD_RUNPATH_SEARCH_PATHS = (
					"$(inherited)",
					"@executable_path/Frameworks",
				);
				PRODUCT_BUNDLE_IDENTIFIER = "Iota-Group9.memPOP";
				PRODUCT_NAME = "$(TARGET_NAME)";
				SWIFT_VERSION = 4.0;
				TARGETED_DEVICE_FAMILY = "1,2";
			};
			name = Debug;
		};
		A0B63CE2217F9C560072A82F /* Release */ = {
			isa = XCBuildConfiguration;
			buildSettings = {
				ASSETCATALOG_COMPILER_APPICON_NAME = AppIcon;
				CODE_SIGN_STYLE = Automatic;
				DEVELOPMENT_TEAM = 49LH2E6YL2;
				INFOPLIST_FILE = memPOP/Info.plist;
				LD_RUNPATH_SEARCH_PATHS = (
					"$(inherited)",
					"@executable_path/Frameworks",
				);
				PRODUCT_BUNDLE_IDENTIFIER = "Iota-Group9.memPOP";
				PRODUCT_NAME = "$(TARGET_NAME)";
				SWIFT_VERSION = 4.0;
				TARGETED_DEVICE_FAMILY = "1,2";
			};
			name = Release;
		};
		A0B63CE4217F9C560072A82F /* Debug */ = {
			isa = XCBuildConfiguration;
			buildSettings = {
				ALWAYS_EMBED_SWIFT_STANDARD_LIBRARIES = YES;
				BUNDLE_LOADER = "$(TEST_HOST)";
				CODE_SIGN_STYLE = Automatic;
				INFOPLIST_FILE = memPOPTests/Info.plist;
				LD_RUNPATH_SEARCH_PATHS = (
					"$(inherited)",
					"@executable_path/Frameworks",
					"@loader_path/Frameworks",
				);
				PRODUCT_BUNDLE_IDENTIFIER = "Iota-Group9.memPOPTests";
				PRODUCT_NAME = "$(TARGET_NAME)";
				SWIFT_VERSION = 4.0;
				TARGETED_DEVICE_FAMILY = "1,2";
				TEST_HOST = "$(BUILT_PRODUCTS_DIR)/memPOP.app/memPOP";
			};
			name = Debug;
		};
		A0B63CE5217F9C560072A82F /* Release */ = {
			isa = XCBuildConfiguration;
			buildSettings = {
				ALWAYS_EMBED_SWIFT_STANDARD_LIBRARIES = YES;
				BUNDLE_LOADER = "$(TEST_HOST)";
				CODE_SIGN_STYLE = Automatic;
				INFOPLIST_FILE = memPOPTests/Info.plist;
				LD_RUNPATH_SEARCH_PATHS = (
					"$(inherited)",
					"@executable_path/Frameworks",
					"@loader_path/Frameworks",
				);
				PRODUCT_BUNDLE_IDENTIFIER = "Iota-Group9.memPOPTests";
				PRODUCT_NAME = "$(TARGET_NAME)";
				SWIFT_VERSION = 4.0;
				TARGETED_DEVICE_FAMILY = "1,2";
				TEST_HOST = "$(BUILT_PRODUCTS_DIR)/memPOP.app/memPOP";
			};
			name = Release;
		};
		A0B63CE7217F9C560072A82F /* Debug */ = {
			isa = XCBuildConfiguration;
			buildSettings = {
				ALWAYS_EMBED_SWIFT_STANDARD_LIBRARIES = YES;
				CODE_SIGN_STYLE = Automatic;
				INFOPLIST_FILE = memPOPUITests/Info.plist;
				LD_RUNPATH_SEARCH_PATHS = (
					"$(inherited)",
					"@executable_path/Frameworks",
					"@loader_path/Frameworks",
				);
				PRODUCT_BUNDLE_IDENTIFIER = "Iota-Group9.memPOPUITests";
				PRODUCT_NAME = "$(TARGET_NAME)";
				SWIFT_VERSION = 4.0;
				TARGETED_DEVICE_FAMILY = "1,2";
				TEST_TARGET_NAME = memPOP;
			};
			name = Debug;
		};
		A0B63CE8217F9C560072A82F /* Release */ = {
			isa = XCBuildConfiguration;
			buildSettings = {
				ALWAYS_EMBED_SWIFT_STANDARD_LIBRARIES = YES;
				CODE_SIGN_STYLE = Automatic;
				INFOPLIST_FILE = memPOPUITests/Info.plist;
				LD_RUNPATH_SEARCH_PATHS = (
					"$(inherited)",
					"@executable_path/Frameworks",
					"@loader_path/Frameworks",
				);
				PRODUCT_BUNDLE_IDENTIFIER = "Iota-Group9.memPOPUITests";
				PRODUCT_NAME = "$(TARGET_NAME)";
				SWIFT_VERSION = 4.0;
				TARGETED_DEVICE_FAMILY = "1,2";
				TEST_TARGET_NAME = memPOP;
			};
			name = Release;
		};
/* End XCBuildConfiguration section */

/* Begin XCConfigurationList section */
		A0B63CB0217F9C550072A82F /* Build configuration list for PBXProject "memPOP" */ = {
			isa = XCConfigurationList;
			buildConfigurations = (
				A0B63CDE217F9C560072A82F /* Debug */,
				A0B63CDF217F9C560072A82F /* Release */,
			);
			defaultConfigurationIsVisible = 0;
			defaultConfigurationName = Release;
		};
		A0B63CE0217F9C560072A82F /* Build configuration list for PBXNativeTarget "memPOP" */ = {
			isa = XCConfigurationList;
			buildConfigurations = (
				A0B63CE1217F9C560072A82F /* Debug */,
				A0B63CE2217F9C560072A82F /* Release */,
			);
			defaultConfigurationIsVisible = 0;
			defaultConfigurationName = Release;
		};
		A0B63CE3217F9C560072A82F /* Build configuration list for PBXNativeTarget "memPOPTests" */ = {
			isa = XCConfigurationList;
			buildConfigurations = (
				A0B63CE4217F9C560072A82F /* Debug */,
				A0B63CE5217F9C560072A82F /* Release */,
			);
			defaultConfigurationIsVisible = 0;
			defaultConfigurationName = Release;
		};
		A0B63CE6217F9C560072A82F /* Build configuration list for PBXNativeTarget "memPOPUITests" */ = {
			isa = XCConfigurationList;
			buildConfigurations = (
				A0B63CE7217F9C560072A82F /* Debug */,
				A0B63CE8217F9C560072A82F /* Release */,
			);
			defaultConfigurationIsVisible = 0;
			defaultConfigurationName = Release;
		};
/* End XCConfigurationList section */

/* Begin XCVersionGroup section */
		A0B63CBF217F9C560072A82F /* memPOP.xcdatamodeld */ = {
			isa = XCVersionGroup;
			children = (
				A0B63CC0217F9C560072A82F /* memPOP.xcdatamodel */,
			);
			currentVersion = A0B63CC0217F9C560072A82F /* memPOP.xcdatamodel */;
			path = memPOP.xcdatamodeld;
			sourceTree = "<group>";
			versionGroupType = wrapper.xcdatamodel;
		};
/* End XCVersionGroup section */
	};
	rootObject = A0B63CAD217F9C550072A82F /* Project object */;
}
